
Microsoft Visual Studio Solution File, Format Version 12.00
# Visual Studio Version 17
VisualStudioVersion = 17.10.35122.118
MinimumVisualStudioVersion = 10.0.40219.1
Project("{9A19103F-16F7-4668-BE54-9A1E7A4F7556}") = "RIIMSAPI", "RIIMS1\RIIMSAPI.csproj", "{B7B103FE-AB47-45A8-B1BE-F4D605C9DCF7}"
EndProject
Project("{9A19103F-16F7-4668-BE54-9A1E7A4F7556}") = "RIIMS.Domain", "Domain\RIIMS.Domain.csproj", "{2B9EB869-5906-4B37-8954-A1B986A8A8FD}"
EndProject
Project("{9A19103F-16F7-4668-BE54-9A1E7A4F7556}") = "RIIMS.Application", "Application\RIIMS.Application.csproj", "{91054C87-8D56-4E36-8F5A-8041D1591330}"
EndProject
Project("{9A19103F-16F7-4668-BE54-9A1E7A4F7556}") = "RIIMS.Infrastructure", "Infrastructure\RIIMS.Infrastructure.csproj", "{757148EF-0407-4DDF-A825-832844FAFD88}"
EndProject
Global
	GlobalSection(SolutionConfigurationPlatforms) = preSolution
		Debug|Any CPU = Debug|Any CPU
		Release|Any CPU = Release|Any CPU
	EndGlobalSection
	GlobalSection(ProjectConfigurationPlatforms) = postSolution
		{B7B103FE-AB47-45A8-B1BE-F4D605C9DCF7}.Debug|Any CPU.ActiveCfg = Debug|Any CPU
		{B7B103FE-AB47-45A8-B1BE-F4D605C9DCF7}.Debug|Any CPU.Build.0 = Debug|Any CPU
		{B7B103FE-AB47-45A8-B1BE-F4D605C9DCF7}.Release|Any CPU.ActiveCfg = Release|Any CPU
		{B7B103FE-AB47-45A8-B1BE-F4D605C9DCF7}.Release|Any CPU.Build.0 = Release|Any CPU
		{2B9EB869-5906-4B37-8954-A1B986A8A8FD}.Debug|Any CPU.ActiveCfg = Debug|Any CPU
		{2B9EB869-5906-4B37-8954-A1B986A8A8FD}.Debug|Any CPU.Build.0 = Debug|Any CPU
		{2B9EB869-5906-4B37-8954-A1B986A8A8FD}.Release|Any CPU.ActiveCfg = Release|Any CPU
		{2B9EB869-5906-4B37-8954-A1B986A8A8FD}.Release|Any CPU.Build.0 = Release|Any CPU
		{91054C87-8D56-4E36-8F5A-8041D1591330}.Debug|Any CPU.ActiveCfg = Debug|Any CPU
		{91054C87-8D56-4E36-8F5A-8041D1591330}.Debug|Any CPU.Build.0 = Debug|Any CPU
		{91054C87-8D56-4E36-8F5A-8041D1591330}.Release|Any CPU.ActiveCfg = Release|Any CPU
		{91054C87-8D56-4E36-8F5A-8041D1591330}.Release|Any CPU.Build.0 = Release|Any CPU
		{757148EF-0407-4DDF-A825-832844FAFD88}.Debug|Any CPU.ActiveCfg = Debug|Any CPU
		{757148EF-0407-4DDF-A825-832844FAFD88}.Debug|Any CPU.Build.0 = Debug|Any CPU
		{757148EF-0407-4DDF-A825-832844FAFD88}.Release|Any CPU.ActiveCfg = Release|Any CPU
		{757148EF-0407-4DDF-A825-832844FAFD88}.Release|Any CPU.Build.0 = Release|Any CPU
	EndGlobalSection
	GlobalSection(SolutionProperties) = preSolution
		HideSolutionNode = FALSE
	EndGlobalSection
	GlobalSection(ExtensibilityGlobals) = postSolution
		SolutionGuid = {4AE8A10E-4F14-4B01-8393-67E29F94FD4D}
	EndGlobalSection
EndGlobal
